
Microsoft Visual Studio Solution File, Format Version 12.00
# Visual Studio 15
VisualStudioVersion = 15.0.27130.2027
MinimumVisualStudioVersion = 10.0.40219.1
Project("{FAE04EC0-301F-11D3-BF4B-00C04F79EFBC}") = "Eco_Encrypt", "Eco_Encrypt\Eco_Encrypt.csproj", "{E292FB73-AAD6-4572-A5D4-0469CFAB572B}"
EndProject
Project("{54435603-DBB4-11D2-8724-00A0C9A8B90C}") = "Eco_Encrypt_Setup", "Eco_Encrypt_Setup\Eco_Encrypt_Setup.vdproj", "{5D0AD76D-F929-426D-A110-75328EC349C0}"
EndProject
Global
	GlobalSection(SolutionConfigurationPlatforms) = preSolution
		Debug|Any CPU = Debug|Any CPU
		Debug|x86 = Debug|x86
		Release|Any CPU = Release|Any CPU
		Release|x86 = Release|x86
	EndGlobalSection
	GlobalSection(ProjectConfigurationPlatforms) = postSolution
		{E292FB73-AAD6-4572-A5D4-0469CFAB572B}.Debug|Any CPU.ActiveCfg = Debug|Any CPU
		{E292FB73-AAD6-4572-A5D4-0469CFAB572B}.Debug|Any CPU.Build.0 = Debug|Any CPU
		{E292FB73-AAD6-4572-A5D4-0469CFAB572B}.Debug|x86.ActiveCfg = Debug|x86
		{E292FB73-AAD6-4572-A5D4-0469CFAB572B}.Debug|x86.Build.0 = Debug|x86
		{E292FB73-AAD6-4572-A5D4-0469CFAB572B}.Release|Any CPU.ActiveCfg = Release|Any CPU
		{E292FB73-AAD6-4572-A5D4-0469CFAB572B}.Release|Any CPU.Build.0 = Release|Any CPU
		{E292FB73-AAD6-4572-A5D4-0469CFAB572B}.Release|x86.ActiveCfg = Release|x86
		{E292FB73-AAD6-4572-A5D4-0469CFAB572B}.Release|x86.Build.0 = Release|x86
		{5D0AD76D-F929-426D-A110-75328EC349C0}.Debug|Any CPU.ActiveCfg = Debug
		{5D0AD76D-F929-426D-A110-75328EC349C0}.Debug|x86.ActiveCfg = Debug
		{5D0AD76D-F929-426D-A110-75328EC349C0}.Debug|x86.Build.0 = Debug
		{5D0AD76D-F929-426D-A110-75328EC349C0}.Release|Any CPU.ActiveCfg = Release
		{5D0AD76D-F929-426D-A110-75328EC349C0}.Release|x86.ActiveCfg = Release
		{5D0AD76D-F929-426D-A110-75328EC349C0}.Release|x86.Build.0 = Release
	EndGlobalSection
	GlobalSection(SolutionProperties) = preSolution
		HideSolutionNode = FALSE
	EndGlobalSection
	GlobalSection(ExtensibilityGlobals) = postSolution
		SolutionGuid = {0CE02CDA-C39C-4BA3-BC71-3CABA06775FF}
	EndGlobalSection
EndGlobal
